{
  "version": 4,
  "terraform_version": "1.4.5",
  "serial": 68,
  "lineage": "a6d92f3e-8a1b-3970-c476-68e6fec6b730",
  "outputs": {},
  "resources": [
    {
      "mode": "managed",
      "type": "google_bigquery_dataset",
      "name": "dataset",
      "provider": "provider[\"registry.terraform.io/hashicorp/google\"]",
      "instances": [
        {
          "schema_version": 0,
          "attributes": {
            "access": [
              {
                "dataset": [],
                "domain": "",
                "group_by_email": "",
                "role": "OWNER",
                "routine": [],
                "special_group": "",
                "user_by_email": "terraform-iam@idealista-scraper-384619.iam.gserviceaccount.com",
                "view": []
              },
              {
                "dataset": [],
                "domain": "",
                "group_by_email": "",
                "role": "OWNER",
                "routine": [],
                "special_group": "projectOwners",
                "user_by_email": "",
                "view": []
              },
              {
                "dataset": [],
                "domain": "",
                "group_by_email": "",
                "role": "READER",
                "routine": [],
                "special_group": "projectReaders",
                "user_by_email": "",
                "view": []
              },
              {
                "dataset": [],
                "domain": "",
                "group_by_email": "",
                "role": "WRITER",
                "routine": [],
                "special_group": "projectWriters",
                "user_by_email": "",
                "view": []
              }
            ],
            "creation_time": 1682551347810,
            "dataset_id": "idealista_listings",
            "default_collation": "",
            "default_encryption_configuration": [],
            "default_partition_expiration_ms": 0,
            "default_table_expiration_ms": 0,
            "delete_contents_on_destroy": false,
            "description": "",
            "etag": "nSvRflJkEW0dSOghYNjrPw==",
            "friendly_name": "",
            "id": "projects/idealista-scraper-384619/datasets/idealista_listings",
            "is_case_insensitive": false,
            "labels": {},
            "last_modified_time": 1682551347810,
            "location": "europe-southwest1",
            "max_time_travel_hours": "",
            "project": "idealista-scraper-384619",
            "self_link": "https://bigquery.googleapis.com/bigquery/v2/projects/idealista-scraper-384619/datasets/idealista_listings",
            "timeouts": null
          },
          "sensitive_attributes": [],
          "private": "eyJlMmJmYjczMC1lY2FhLTExZTYtOGY4OC0zNDM2M2JjN2M0YzAiOnsiY3JlYXRlIjoxMjAwMDAwMDAwMDAwLCJkZWxldGUiOjEyMDAwMDAwMDAwMDAsInVwZGF0ZSI6MTIwMDAwMDAwMDAwMH19"
        }
      ]
    },
    {
      "mode": "managed",
      "type": "google_compute_instance",
      "name": "idealista_vm",
      "provider": "provider[\"registry.terraform.io/hashicorp/google\"]",
      "instances": [
        {
          "schema_version": 6,
          "attributes": {
            "advanced_machine_features": [],
            "allow_stopping_for_update": null,
            "attached_disk": [],
            "boot_disk": [
              {
                "auto_delete": true,
                "device_name": "persistent-disk-0",
                "disk_encryption_key_raw": "",
                "disk_encryption_key_sha256": "",
                "initialize_params": [
                  {
                    "image": "https://www.googleapis.com/compute/v1/projects/ubuntu-os-cloud/global/images/ubuntu-2004-focal-v20230302",
                    "labels": {},
                    "size": 20,
                    "type": "pd-standard"
                  }
                ],
                "kms_key_self_link": "",
                "mode": "READ_WRITE",
                "source": "https://www.googleapis.com/compute/v1/projects/idealista-scraper-384619/zones/europe-southwest1-b/disks/idealista-pipeline-vm"
              }
            ],
            "can_ip_forward": false,
            "confidential_instance_config": [],
            "cpu_platform": "Intel Broadwell",
            "current_status": "RUNNING",
            "deletion_protection": false,
            "description": "",
            "desired_status": null,
            "enable_display": false,
            "guest_accelerator": [],
            "hostname": "",
            "id": "projects/idealista-scraper-384619/zones/europe-southwest1-b/instances/idealista-pipeline-vm",
            "instance_id": "7385704629526596826",
            "label_fingerprint": "42WmSpB8rSM=",
            "labels": null,
            "machine_type": "e2-medium",
            "metadata": {
              "ssh-keys": "aarroyo:ssh-rsa AAAAB3NzaC1yc2EAAAADAQABAAABgQDFlVMadCTBYl/xQ97ny2gKlGfuILhw0uUXD8D/2Ix1mfLbykl7f06gSCJItAjLKo2g4P//5hU/1uMSpMuRkvvKwtvcXPQYyyDtu9SRY802dNaXfI/xEJevPz0hVh1S2VlN6ZioA7qEV5PmT4qKD+aHPt5k/IOgbN8rZ9+5Oa7M3r+6GppDogzKPajrfQsih8Qi8IWqsfZFzTbfpYqyDblIDwF1AEUr99UpaUQDaQ1v2+qf9bSXBAF56isc5bylkz+kjPY4UsbYNnKpYUsm9MfjlrHLguYjO5nCQ33cA2xLm+WP41hn5LOTNayB7cv8DlUw63AadTlzbLXSMIO2JKaWncC9MztB+7vaWC1NPbOJmbzSsBEx0HlGZ3jvLAK85XoL49LjARwfVClwgmwbepgbpgyMJMrlE0MsYvsAeQ4Et3TNOoMn8OMZeh/6tzxwIi5If8+YvSbDmClefl0YkfW1T4hkBkByo+QORIhesJli/UEm/Gmv/uJYVdWYHIB+XFk= aarro@DESKTOP-RU5S0LN\r\n",
              "startup-script": "#!/bin/bash\n\n# Update the package list and upgrade all installed packages\nsudo apt-get update\nsudo apt-get upgrade -y\nsudo apt-get install bzip2 libxml2-dev\n\n# Install Anaconda\nwget https://repo.anaconda.com/archive/Anaconda3-2023.03-1-Linux-x86_64.sh -O /root/anaconda.sh\n\n# Set the HOME variable to avoid the unbound variable issue\nexport HOME=/root\n\nbash /root/anaconda.sh -b -p /root/anaconda3\necho 'export PATH=\"/root/anaconda3/bin:$PATH\"' \u003e\u003e /root/.bashrc\nsource /root/.bashrc\nrm -f /root/anaconda.sh\n"
            },
            "metadata_fingerprint": "jtmoEYapg0Q=",
            "metadata_startup_script": null,
            "min_cpu_platform": "",
            "name": "idealista-pipeline-vm",
            "network_interface": [
              {
                "access_config": [
                  {
                    "nat_ip": "34.175.14.51",
                    "network_tier": "PREMIUM",
                    "public_ptr_domain_name": ""
                  }
                ],
                "alias_ip_range": [],
                "ipv6_access_config": [],
                "ipv6_access_type": "",
                "name": "nic0",
                "network": "https://www.googleapis.com/compute/v1/projects/idealista-scraper-384619/global/networks/default",
                "network_ip": "10.204.0.10",
                "nic_type": "",
                "queue_count": 0,
                "stack_type": "IPV4_ONLY",
                "subnetwork": "https://www.googleapis.com/compute/v1/projects/idealista-scraper-384619/regions/europe-southwest1/subnetworks/default",
                "subnetwork_project": "idealista-scraper-384619"
              }
            ],
            "project": "idealista-scraper-384619",
            "reservation_affinity": [],
            "resource_policies": null,
            "scheduling": [
              {
                "automatic_restart": true,
                "instance_termination_action": "",
                "min_node_cpus": 0,
                "node_affinities": [],
                "on_host_maintenance": "MIGRATE",
                "preemptible": false,
                "provisioning_model": "STANDARD"
              }
            ],
            "scratch_disk": [],
            "self_link": "https://www.googleapis.com/compute/v1/projects/idealista-scraper-384619/zones/europe-southwest1-b/instances/idealista-pipeline-vm",
            "service_account": [],
            "shielded_instance_config": [
              {
                "enable_integrity_monitoring": true,
                "enable_secure_boot": false,
                "enable_vtpm": true
              }
            ],
            "tags": [
              "terraform",
              "ubuntu"
            ],
            "tags_fingerprint": "O9Cvpeyy5J0=",
            "timeouts": null,
            "zone": "europe-southwest1-b"
          },
          "sensitive_attributes": [],
          "private": "eyJlMmJmYjczMC1lY2FhLTExZTYtOGY4OC0zNDM2M2JjN2M0YzAiOnsiY3JlYXRlIjoxMjAwMDAwMDAwMDAwLCJkZWxldGUiOjEyMDAwMDAwMDAwMDAsInVwZGF0ZSI6MTIwMDAwMDAwMDAwMH0sInNjaGVtYV92ZXJzaW9uIjoiNiJ9"
        }
      ]
    },
    {
      "mode": "managed",
      "type": "google_storage_bucket",
      "name": "data-lake-idealista",
      "provider": "provider[\"registry.terraform.io/hashicorp/google\"]",
      "instances": [
        {
          "schema_version": 0,
          "attributes": {
            "autoclass": [],
            "cors": [],
            "custom_placement_config": [],
            "default_event_based_hold": false,
            "encryption": [],
            "force_destroy": false,
            "id": "idealista_data_lake_idealista-scraper-384619",
            "labels": null,
            "lifecycle_rule": [],
            "location": "EUROPE-SOUTHWEST1",
            "logging": [],
            "name": "idealista_data_lake_idealista-scraper-384619",
            "project": "idealista-scraper-384619",
            "public_access_prevention": "inherited",
            "requester_pays": false,
            "retention_policy": [],
            "self_link": "https://www.googleapis.com/storage/v1/b/idealista_data_lake_idealista-scraper-384619",
            "storage_class": "STANDARD",
            "timeouts": null,
            "uniform_bucket_level_access": true,
            "url": "gs://idealista_data_lake_idealista-scraper-384619",
            "versioning": [
              {
                "enabled": true
              }
            ],
            "website": []
          },
          "sensitive_attributes": [],
          "private": "eyJlMmJmYjczMC1lY2FhLTExZTYtOGY4OC0zNDM2M2JjN2M0YzAiOnsiY3JlYXRlIjo2MDAwMDAwMDAwMDAsInJlYWQiOjI0MDAwMDAwMDAwMCwidXBkYXRlIjoyNDAwMDAwMDAwMDB9fQ=="
        }
      ]
    }
  ],
  "check_results": null
}
